
Microsoft Visual Studio Solution File, Format Version 12.00
# Visual Studio Version 16
VisualStudioVersion = 16.0.32002.261
MinimumVisualStudioVersion = 10.0.40219.1
Project("{FAE04EC0-301F-11D3-BF4B-00C04F79EFBC}") = "LinkedList", "LinkedList\LinkedList.csproj", "{A5E26159-6933-4AFC-A9DE-B73B148A8D46}"
EndProject
Global
	GlobalSection(SolutionConfigurationPlatforms) = preSolution
		Debug|Any CPU = Debug|Any CPU
		Release|Any CPU = Release|Any CPU
	EndGlobalSection
	GlobalSection(ProjectConfigurationPlatforms) = postSolution
		{A5E26159-6933-4AFC-A9DE-B73B148A8D46}.Debug|Any CPU.ActiveCfg = Debug|Any CPU
		{A5E26159-6933-4AFC-A9DE-B73B148A8D46}.Debug|Any CPU.Build.0 = Debug|Any CPU
		{A5E26159-6933-4AFC-A9DE-B73B148A8D46}.Release|Any CPU.ActiveCfg = Release|Any CPU
		{A5E26159-6933-4AFC-A9DE-B73B148A8D46}.Release|Any CPU.Build.0 = Release|Any CPU
	EndGlobalSection
	GlobalSection(SolutionProperties) = preSolution
		HideSolutionNode = FALSE
	EndGlobalSection
	GlobalSection(ExtensibilityGlobals) = postSolution
		SolutionGuid = {4D4EB4BD-798A-492B-B9DB-EFA2A58D0708}
	EndGlobalSection
EndGlobal
